
Microsoft Visual Studio Solution File, Format Version 12.00
# Visual Studio Version 17
VisualStudioVersion = 17.11.35327.3
MinimumVisualStudioVersion = 10.0.40219.1
Project("{FAE04EC0-301F-11D3-BF4B-00C04F79EFBC}") = "ImgMzx", "ImgMzx\ImgMzx.csproj", "{E6796BE2-500B-44D8-BBBE-F0367383575F}"
EndProject
Project("{FAE04EC0-301F-11D3-BF4B-00C04F79EFBC}") = "ImgMzxTests", "ImgMzxTests\ImgMzxTests.csproj", "{C84AEE60-003A-4398-9182-0435EADC3747}"
EndProject
Global
	GlobalSection(SolutionConfigurationPlatforms) = preSolution
		Debug|Any CPU = Debug|Any CPU
		Release|Any CPU = Release|Any CPU
	EndGlobalSection
	GlobalSection(ProjectConfigurationPlatforms) = postSolution
		{E6796BE2-500B-44D8-BBBE-F0367383575F}.Debug|Any CPU.ActiveCfg = Debug|Any CPU
		{E6796BE2-500B-44D8-BBBE-F0367383575F}.Debug|Any CPU.Build.0 = Debug|Any CPU
		{E6796BE2-500B-44D8-BBBE-F0367383575F}.Release|Any CPU.ActiveCfg = Release|Any CPU
		{E6796BE2-500B-44D8-BBBE-F0367383575F}.Release|Any CPU.Build.0 = Release|Any CPU
		{C84AEE60-003A-4398-9182-0435EADC3747}.Debug|Any CPU.ActiveCfg = Debug|Any CPU
		{C84AEE60-003A-4398-9182-0435EADC3747}.Debug|Any CPU.Build.0 = Debug|Any CPU
		{C84AEE60-003A-4398-9182-0435EADC3747}.Release|Any CPU.ActiveCfg = Release|Any CPU
		{C84AEE60-003A-4398-9182-0435EADC3747}.Release|Any CPU.Build.0 = Release|Any CPU
	EndGlobalSection
	GlobalSection(SolutionProperties) = preSolution
		HideSolutionNode = FALSE
	EndGlobalSection
	GlobalSection(ExtensibilityGlobals) = postSolution
		SolutionGuid = {D5576E2D-7000-4634-83CC-009349710D7D}
	EndGlobalSection
EndGlobal
